
Microsoft Visual Studio Solution File, Format Version 12.00
# Visual Studio Version 17
VisualStudioVersion = 17.13.35825.156 d17.13
MinimumVisualStudioVersion = 10.0.40219.1
Project("{FAE04EC0-301F-11D3-BF4B-00C04F79EFBC}") = "Adventurer Journey", "Adventurer Journey.csproj", "{7DEBA3BE-F959-4645-A304-33004C6C04B5}"
EndProject
Global
	GlobalSection(SolutionConfigurationPlatforms) = preSolution
		Debug|Any CPU = Debug|Any CPU
		Release|Any CPU = Release|Any CPU
	EndGlobalSection
	GlobalSection(ProjectConfigurationPlatforms) = postSolution
		{7DEBA3BE-F959-4645-A304-33004C6C04B5}.Debug|Any CPU.ActiveCfg = Debug|Any CPU
		{7DEBA3BE-F959-4645-A304-33004C6C04B5}.Debug|Any CPU.Build.0 = Debug|Any CPU
		{7DEBA3BE-F959-4645-A304-33004C6C04B5}.Release|Any CPU.ActiveCfg = Release|Any CPU
		{7DEBA3BE-F959-4645-A304-33004C6C04B5}.Release|Any CPU.Build.0 = Release|Any CPU
	EndGlobalSection
	GlobalSection(SolutionProperties) = preSolution
		HideSolutionNode = FALSE
	EndGlobalSection
	GlobalSection(ExtensibilityGlobals) = postSolution
		SolutionGuid = {F8D8AE34-8882-4730-A90D-B7E8192B1C10}
	EndGlobalSection
EndGlobal
